
Microsoft Visual Studio Solution File, Format Version 12.00
# Visual Studio Version 16
VisualStudioVersion = 16.0.31829.152
MinimumVisualStudioVersion = 10.0.40219.1
Project("{FAE04EC0-301F-11D3-BF4B-00C04F79EFBC}") = "SeleniumCoreDemo", "SeleniumCoreDemo.csproj", "{5A4DB2BE-1F84-418D-9DB6-F29E39324076}"
EndProject
Global
	GlobalSection(SolutionConfigurationPlatforms) = preSolution
		Debug|Any CPU = Debug|Any CPU
		Release|Any CPU = Release|Any CPU
	EndGlobalSection
	GlobalSection(ProjectConfigurationPlatforms) = postSolution
		{5A4DB2BE-1F84-418D-9DB6-F29E39324076}.Debug|Any CPU.ActiveCfg = Debug|Any CPU
		{5A4DB2BE-1F84-418D-9DB6-F29E39324076}.Debug|Any CPU.Build.0 = Debug|Any CPU
		{5A4DB2BE-1F84-418D-9DB6-F29E39324076}.Release|Any CPU.ActiveCfg = Release|Any CPU
		{5A4DB2BE-1F84-418D-9DB6-F29E39324076}.Release|Any CPU.Build.0 = Release|Any CPU
	EndGlobalSection
	GlobalSection(SolutionProperties) = preSolution
		HideSolutionNode = FALSE
	EndGlobalSection
	GlobalSection(ExtensibilityGlobals) = postSolution
		SolutionGuid = {264B04F3-647A-401D-8B45-03C2F23CD482}
	EndGlobalSection
EndGlobal
